// !$*UTF8*$!
{
	archiveVersion = 1;
	classes = {
	};
	objectVersion = 54;
	objects = {

/* Begin PBXBuildFile section */
		00E356F31AD99517003FC87E /* pokedexTests.m in Sources */ = {isa = PBXBuildFile; fileRef = 00E356F21AD99517003FC87E /* pokedexTests.m */; };
		0C80B921A6F3F58F76C31292 /* libPods-pokedex.a in Frameworks */ = {isa = PBXBuildFile; fileRef = 5DCACB8F33CDC322A6C60F78 /* libPods-pokedex.a */; };
		13B07FBC1A68108700A75B9A /* AppDelegate.mm in Sources */ = {isa = PBXBuildFile; fileRef = 13B07FB01A68108700A75B9A /* AppDelegate.mm */; };
		13B07FBF1A68108700A75B9A /* Images.xcassets in Resources */ = {isa = PBXBuildFile; fileRef = 13B07FB51A68108700A75B9A /* Images.xcassets */; };
		13B07FC11A68108700A75B9A /* main.m in Sources */ = {isa = PBXBuildFile; fileRef = 13B07FB71A68108700A75B9A /* main.m */; };
		7699B88040F8A987B510C191 /* libPods-pokedex-pokedexTests.a in Frameworks */ = {isa = PBXBuildFile; fileRef = 19F6CBCC0A4E27FBF8BF4A61 /* libPods-pokedex-pokedexTests.a */; };
		81AB9BB82411601600AC10FF /* LaunchScreen.storyboard in Resources */ = {isa = PBXBuildFile; fileRef = 81AB9BB72411601600AC10FF /* LaunchScreen.storyboard */; };
		F680118B29686828008D1AC0 /* MaterialCommunityIcons.ttf in Resources */ = {isa = PBXBuildFile; fileRef = F680118A29686828008D1AC0 /* MaterialCommunityIcons.ttf */; };
		AA1833C6EE7C45248D28871A /* AbrilFatface-Regular.ttf in Resources */ = {isa = PBXBuildFile; fileRef = A6171C78D0534138967DD46B /* AbrilFatface-Regular.ttf */; };
		8B8C9AEEB8E94C7B9864BA4F /* Lora-Italic-VariableFont_wght.ttf in Resources */ = {isa = PBXBuildFile; fileRef = 617AC6F4C91A49FDA38B9D92 /* Lora-Italic-VariableFont_wght.ttf */; };
		6675CF34A7FC4B39A00FC94D /* Lora-VariableFont_wght.ttf in Resources */ = {isa = PBXBuildFile; fileRef = F3DEC49EE61F4E7E803B36C3 /* Lora-VariableFont_wght.ttf */; };
		49D1E64A71554191A1793F66 /* Lora-Bold.ttf in Resources */ = {isa = PBXBuildFile; fileRef = 0CC2800B2EDB47219551D505 /* Lora-Bold.ttf */; };
		6037DB1112974BC7B89DE65A /* Lora-BoldItalic.ttf in Resources */ = {isa = PBXBuildFile; fileRef = 136B021B756B419A9B3CEA39 /* Lora-BoldItalic.ttf */; };
		EDAD4EC8B49F40CE8AB56D18 /* Lora-Italic.ttf in Resources */ = {isa = PBXBuildFile; fileRef = B151BD95E465469A998A6255 /* Lora-Italic.ttf */; };
		F719EF6B796B4083A147F02E /* Lora-Medium.ttf in Resources */ = {isa = PBXBuildFile; fileRef = 7FA853451A5B450A937E32A6 /* Lora-Medium.ttf */; };
		F6DFAA18F8294A0CA975C671 /* Lora-MediumItalic.ttf in Resources */ = {isa = PBXBuildFile; fileRef = B186D42CD28843E286446C80 /* Lora-MediumItalic.ttf */; };
		96BED40BF5404CE08C406C4E /* Lora-Regular.ttf in Resources */ = {isa = PBXBuildFile; fileRef = CA5BE159DEA04A96968F1F07 /* Lora-Regular.ttf */; };
		BA41766B6C0A4A0598621F2E /* Lora-SemiBold.ttf in Resources */ = {isa = PBXBuildFile; fileRef = 80CB957627D04CB089A0F46D /* Lora-SemiBold.ttf */; };
		49D57B2B65D3401DA0B33EAD /* Lora-SemiBoldItalic.ttf in Resources */ = {isa = PBXBuildFile; fileRef = 4D3902184A724A7E9EB86AA1 /* Lora-SemiBoldItalic.ttf */; };
		C001AA7EFF344A69A53BFBD9 /* Quicksand-VariableFont_wght.ttf in Resources */ = {isa = PBXBuildFile; fileRef = DF3D7E51974342848ACB2961 /* Quicksand-VariableFont_wght.ttf */; };
		6DD682EEA6E74E44B04FDAE2 /* Quicksand-Bold.ttf in Resources */ = {isa = PBXBuildFile; fileRef = E85B8EEEC206446BBC77282E /* Quicksand-Bold.ttf */; };
		7C45284E07714F64ADBCD51F /* Quicksand-Light.ttf in Resources */ = {isa = PBXBuildFile; fileRef = 763CFF0519DC4D5AAD6E9B15 /* Quicksand-Light.ttf */; };
		29F65A9C196F4C06AF4DC7D4 /* Quicksand-Medium.ttf in Resources */ = {isa = PBXBuildFile; fileRef = F7397014652D40BAAE88279E /* Quicksand-Medium.ttf */; };
		A4DB270B0E374BFC931BE03E /* Quicksand-Regular.ttf in Resources */ = {isa = PBXBuildFile; fileRef = ECA183EE90A749D4BC8C893F /* Quicksand-Regular.ttf */; };
		26271A9DA6B844C5BF079298 /* Quicksand-SemiBold.ttf in Resources */ = {isa = PBXBuildFile; fileRef = 4EA5BF99ADF243A58CC3B96B /* Quicksand-SemiBold.ttf */; };
		99298502B71940869C30C3DF /* SourceSansPro-Black.ttf in Resources */ = {isa = PBXBuildFile; fileRef = EB4DB3E546D34AEC9C2BACFD /* SourceSansPro-Black.ttf */; };
		6CD1A61CD3D14335AE255C17 /* SourceSansPro-BlackItalic.ttf in Resources */ = {isa = PBXBuildFile; fileRef = E5C6AE317936463FA44D435E /* SourceSansPro-BlackItalic.ttf */; };
		A132A2185FFE47DF8442CC75 /* SourceSansPro-Bold.ttf in Resources */ = {isa = PBXBuildFile; fileRef = 5B21E7368EDE484592351891 /* SourceSansPro-Bold.ttf */; };
		8D45F4D92828450281C6BD12 /* SourceSansPro-BoldItalic.ttf in Resources */ = {isa = PBXBuildFile; fileRef = 25CC0FFA940A4EA1864A37FA /* SourceSansPro-BoldItalic.ttf */; };
		FE96201DF37941F08960B53D /* SourceSansPro-ExtraLight.ttf in Resources */ = {isa = PBXBuildFile; fileRef = 11D29D03D0E643B0835B6530 /* SourceSansPro-ExtraLight.ttf */; };
		722C825165FC4AE9847C6223 /* SourceSansPro-ExtraLightItalic.ttf in Resources */ = {isa = PBXBuildFile; fileRef = 6B7785C874EF472E95DE9312 /* SourceSansPro-ExtraLightItalic.ttf */; };
		7430AB38755D4B6EB3E9081A /* SourceSansPro-Italic.ttf in Resources */ = {isa = PBXBuildFile; fileRef = C4F5077634694B5994583F70 /* SourceSansPro-Italic.ttf */; };
		0981BDE20ADE4D6D97CB09C2 /* SourceSansPro-Light.ttf in Resources */ = {isa = PBXBuildFile; fileRef = F08D5FE337014D8890BFCA2E /* SourceSansPro-Light.ttf */; };
		C19050A6C7084757B302D780 /* SourceSansPro-LightItalic.ttf in Resources */ = {isa = PBXBuildFile; fileRef = D43CC276648E43C4AFAD906A /* SourceSansPro-LightItalic.ttf */; };
		B137227BB2DC436484B6DD46 /* SourceSansPro-Regular.ttf in Resources */ = {isa = PBXBuildFile; fileRef = F98625C6F40B4015B5D02D8F /* SourceSansPro-Regular.ttf */; };
		EB168B3D11AD4C0B8B52FE87 /* SourceSansPro-SemiBold.ttf in Resources */ = {isa = PBXBuildFile; fileRef = BB34DE998458419C97880618 /* SourceSansPro-SemiBold.ttf */; };
		229E72A624934A04B918B48C /* SourceSansPro-SemiBoldItalic.ttf in Resources */ = {isa = PBXBuildFile; fileRef = 3B615ECB09724A37B0490265 /* SourceSansPro-SemiBoldItalic.ttf */; };
		7434C24295DD4E9DB0467E90 /* Ubuntu-Bold.ttf in Resources */ = {isa = PBXBuildFile; fileRef = E27ADF8D1E4140949C7C2195 /* Ubuntu-Bold.ttf */; };
		606D4202CB43442290E4B3F7 /* Ubuntu-BoldItalic.ttf in Resources */ = {isa = PBXBuildFile; fileRef = BD78F8A068DA46ECA6487BCC /* Ubuntu-BoldItalic.ttf */; };
		C8C341195F84419BA6371057 /* Ubuntu-Italic.ttf in Resources */ = {isa = PBXBuildFile; fileRef = B37EFD1D213B4AFF81D75B3A /* Ubuntu-Italic.ttf */; };
		89511DC5428045F4B4471691 /* Ubuntu-Light.ttf in Resources */ = {isa = PBXBuildFile; fileRef = E5035C056FA844B1B499C0DD /* Ubuntu-Light.ttf */; };
		8001CF494CB747ED94D77F9D /* Ubuntu-LightItalic.ttf in Resources */ = {isa = PBXBuildFile; fileRef = FE45DB7B3A954BE4AED0EC00 /* Ubuntu-LightItalic.ttf */; };
		2EBEF20EF19A4972A6F1E0AE /* Ubuntu-Medium.ttf in Resources */ = {isa = PBXBuildFile; fileRef = 3484107273CD485B8756C0A3 /* Ubuntu-Medium.ttf */; };
		1CD95F8D6C6F4964A8171002 /* Ubuntu-MediumItalic.ttf in Resources */ = {isa = PBXBuildFile; fileRef = 5E281A21FCBD449B8BE3509B /* Ubuntu-MediumItalic.ttf */; };
		F6BCB97D6A3948E89E13304D /* Ubuntu-Regular.ttf in Resources */ = {isa = PBXBuildFile; fileRef = 773037FBE39142EF8FD343C1 /* Ubuntu-Regular.ttf */; };
		11AE303D29284CEC9A1F3036 /* OFL.txt in Resources */ = {isa = PBXBuildFile; fileRef = 1D183514588D4A36AFB6DC36 /* OFL.txt */; };
		DBBFB66F8177457BB693AAF3 /* OFL.txt in Resources */ = {isa = PBXBuildFile; fileRef = 6B6B84C0C3574E1CAA29AD54 /* OFL.txt */; };
		F0EE037748A94FEFA296A7FA /* README.txt in Resources */ = {isa = PBXBuildFile; fileRef = DAC632F6F94743A7A402DE3E /* README.txt */; };
		6F02F023739840DFAE299395 /* OFL.txt in Resources */ = {isa = PBXBuildFile; fileRef = 08700AEBB6114CD3AE6F5835 /* OFL.txt */; };
		9DF588D3B3484E1C8DC5946E /* README.txt in Resources */ = {isa = PBXBuildFile; fileRef = BBC3E5960F294E4A91B8DBAD /* README.txt */; };
		8ECDAF3B5C0A4C7BB2E009EA /* OFL.txt in Resources */ = {isa = PBXBuildFile; fileRef = 4F8E3A404B5C4DFF8F1C0305 /* OFL.txt */; };
		0EBC3F3FEC3A4AE59A30D143 /* UFL.txt in Resources */ = {isa = PBXBuildFile; fileRef = 5C3B0517821D492CAA8B8D7A /* UFL.txt */; };
/* End PBXBuildFile section */

/* Begin PBXContainerItemProxy section */
		00E356F41AD99517003FC87E /* PBXContainerItemProxy */ = {
			isa = PBXContainerItemProxy;
			containerPortal = 83CBB9F71A601CBA00E9B192 /* Project object */;
			proxyType = 1;
			remoteGlobalIDString = 13B07F861A680F5B00A75B9A;
			remoteInfo = pokedex;
		};
/* End PBXContainerItemProxy section */

/* Begin PBXFileReference section */
		00E356EE1AD99517003FC87E /* pokedexTests.xctest */ = {isa = PBXFileReference; explicitFileType = wrapper.cfbundle; includeInIndex = 0; path = pokedexTests.xctest; sourceTree = BUILT_PRODUCTS_DIR; };
		00E356F11AD99517003FC87E /* Info.plist */ = {isa = PBXFileReference; lastKnownFileType = text.plist.xml; path = Info.plist; sourceTree = "<group>"; };
		00E356F21AD99517003FC87E /* pokedexTests.m */ = {isa = PBXFileReference; lastKnownFileType = sourcecode.c.objc; path = pokedexTests.m; sourceTree = "<group>"; };
		13B07F961A680F5B00A75B9A /* pokedex.app */ = {isa = PBXFileReference; explicitFileType = wrapper.application; includeInIndex = 0; path = pokedex.app; sourceTree = BUILT_PRODUCTS_DIR; };
		13B07FAF1A68108700A75B9A /* AppDelegate.h */ = {isa = PBXFileReference; fileEncoding = 4; lastKnownFileType = sourcecode.c.h; name = AppDelegate.h; path = pokedex/AppDelegate.h; sourceTree = "<group>"; };
		13B07FB01A68108700A75B9A /* AppDelegate.mm */ = {isa = PBXFileReference; fileEncoding = 4; lastKnownFileType = sourcecode.cpp.objcpp; name = AppDelegate.mm; path = pokedex/AppDelegate.mm; sourceTree = "<group>"; };
		13B07FB51A68108700A75B9A /* Images.xcassets */ = {isa = PBXFileReference; lastKnownFileType = folder.assetcatalog; name = Images.xcassets; path = pokedex/Images.xcassets; sourceTree = "<group>"; };
		13B07FB61A68108700A75B9A /* Info.plist */ = {isa = PBXFileReference; fileEncoding = 4; lastKnownFileType = text.plist.xml; name = Info.plist; path = pokedex/Info.plist; sourceTree = "<group>"; };
		13B07FB71A68108700A75B9A /* main.m */ = {isa = PBXFileReference; fileEncoding = 4; lastKnownFileType = sourcecode.c.objc; name = main.m; path = pokedex/main.m; sourceTree = "<group>"; };
		19F6CBCC0A4E27FBF8BF4A61 /* libPods-pokedex-pokedexTests.a */ = {isa = PBXFileReference; explicitFileType = archive.ar; includeInIndex = 0; path = "libPods-pokedex-pokedexTests.a"; sourceTree = BUILT_PRODUCTS_DIR; };
		3B4392A12AC88292D35C810B /* Pods-pokedex.debug.xcconfig */ = {isa = PBXFileReference; includeInIndex = 1; lastKnownFileType = text.xcconfig; name = "Pods-pokedex.debug.xcconfig"; path = "Target Support Files/Pods-pokedex/Pods-pokedex.debug.xcconfig"; sourceTree = "<group>"; };
		5709B34CF0A7D63546082F79 /* Pods-pokedex.release.xcconfig */ = {isa = PBXFileReference; includeInIndex = 1; lastKnownFileType = text.xcconfig; name = "Pods-pokedex.release.xcconfig"; path = "Target Support Files/Pods-pokedex/Pods-pokedex.release.xcconfig"; sourceTree = "<group>"; };
		5B7EB9410499542E8C5724F5 /* Pods-pokedex-pokedexTests.debug.xcconfig */ = {isa = PBXFileReference; includeInIndex = 1; lastKnownFileType = text.xcconfig; name = "Pods-pokedex-pokedexTests.debug.xcconfig"; path = "Target Support Files/Pods-pokedex-pokedexTests/Pods-pokedex-pokedexTests.debug.xcconfig"; sourceTree = "<group>"; };
		5DCACB8F33CDC322A6C60F78 /* libPods-pokedex.a */ = {isa = PBXFileReference; explicitFileType = archive.ar; includeInIndex = 0; path = "libPods-pokedex.a"; sourceTree = BUILT_PRODUCTS_DIR; };
		81AB9BB72411601600AC10FF /* LaunchScreen.storyboard */ = {isa = PBXFileReference; fileEncoding = 4; lastKnownFileType = file.storyboard; name = LaunchScreen.storyboard; path = pokedex/LaunchScreen.storyboard; sourceTree = "<group>"; };
		89C6BE57DB24E9ADA2F236DE /* Pods-pokedex-pokedexTests.release.xcconfig */ = {isa = PBXFileReference; includeInIndex = 1; lastKnownFileType = text.xcconfig; name = "Pods-pokedex-pokedexTests.release.xcconfig"; path = "Target Support Files/Pods-pokedex-pokedexTests/Pods-pokedex-pokedexTests.release.xcconfig"; sourceTree = "<group>"; };
		ED297162215061F000B7C4FE /* JavaScriptCore.framework */ = {isa = PBXFileReference; lastKnownFileType = wrapper.framework; name = JavaScriptCore.framework; path = System/Library/Frameworks/JavaScriptCore.framework; sourceTree = SDKROOT; };
		F680118A29686828008D1AC0 /* MaterialCommunityIcons.ttf */ = {isa = PBXFileReference; lastKnownFileType = file; path = MaterialCommunityIcons.ttf; sourceTree = "<group>"; };
		A6171C78D0534138967DD46B /* AbrilFatface-Regular.ttf */ = {isa = PBXFileReference; name = "AbrilFatface-Regular.ttf"; path = "../assets/fonts/Abril_Fatface/AbrilFatface-Regular.ttf"; sourceTree = "<group>"; fileEncoding = undefined; lastKnownFileType = unknown; explicitFileType = undefined; includeInIndex = 0; };
		617AC6F4C91A49FDA38B9D92 /* Lora-Italic-VariableFont_wght.ttf */ = {isa = PBXFileReference; name = "Lora-Italic-VariableFont_wght.ttf"; path = "../assets/fonts/Lora/Lora-Italic-VariableFont_wght.ttf"; sourceTree = "<group>"; fileEncoding = undefined; lastKnownFileType = unknown; explicitFileType = undefined; includeInIndex = 0; };
		F3DEC49EE61F4E7E803B36C3 /* Lora-VariableFont_wght.ttf */ = {isa = PBXFileReference; name = "Lora-VariableFont_wght.ttf"; path = "../assets/fonts/Lora/Lora-VariableFont_wght.ttf"; sourceTree = "<group>"; fileEncoding = undefined; lastKnownFileType = unknown; explicitFileType = undefined; includeInIndex = 0; };
		0CC2800B2EDB47219551D505 /* Lora-Bold.ttf */ = {isa = PBXFileReference; name = "Lora-Bold.ttf"; path = "../assets/fonts/Lora/static/Lora-Bold.ttf"; sourceTree = "<group>"; fileEncoding = undefined; lastKnownFileType = unknown; explicitFileType = undefined; includeInIndex = 0; };
		136B021B756B419A9B3CEA39 /* Lora-BoldItalic.ttf */ = {isa = PBXFileReference; name = "Lora-BoldItalic.ttf"; path = "../assets/fonts/Lora/static/Lora-BoldItalic.ttf"; sourceTree = "<group>"; fileEncoding = undefined; lastKnownFileType = unknown; explicitFileType = undefined; includeInIndex = 0; };
		B151BD95E465469A998A6255 /* Lora-Italic.ttf */ = {isa = PBXFileReference; name = "Lora-Italic.ttf"; path = "../assets/fonts/Lora/static/Lora-Italic.ttf"; sourceTree = "<group>"; fileEncoding = undefined; lastKnownFileType = unknown; explicitFileType = undefined; includeInIndex = 0; };
		7FA853451A5B450A937E32A6 /* Lora-Medium.ttf */ = {isa = PBXFileReference; name = "Lora-Medium.ttf"; path = "../assets/fonts/Lora/static/Lora-Medium.ttf"; sourceTree = "<group>"; fileEncoding = undefined; lastKnownFileType = unknown; explicitFileType = undefined; includeInIndex = 0; };
		B186D42CD28843E286446C80 /* Lora-MediumItalic.ttf */ = {isa = PBXFileReference; name = "Lora-MediumItalic.ttf"; path = "../assets/fonts/Lora/static/Lora-MediumItalic.ttf"; sourceTree = "<group>"; fileEncoding = undefined; lastKnownFileType = unknown; explicitFileType = undefined; includeInIndex = 0; };
		CA5BE159DEA04A96968F1F07 /* Lora-Regular.ttf */ = {isa = PBXFileReference; name = "Lora-Regular.ttf"; path = "../assets/fonts/Lora/static/Lora-Regular.ttf"; sourceTree = "<group>"; fileEncoding = undefined; lastKnownFileType = unknown; explicitFileType = undefined; includeInIndex = 0; };
		80CB957627D04CB089A0F46D /* Lora-SemiBold.ttf */ = {isa = PBXFileReference; name = "Lora-SemiBold.ttf"; path = "../assets/fonts/Lora/static/Lora-SemiBold.ttf"; sourceTree = "<group>"; fileEncoding = undefined; lastKnownFileType = unknown; explicitFileType = undefined; includeInIndex = 0; };
		4D3902184A724A7E9EB86AA1 /* Lora-SemiBoldItalic.ttf */ = {isa = PBXFileReference; name = "Lora-SemiBoldItalic.ttf"; path = "../assets/fonts/Lora/static/Lora-SemiBoldItalic.ttf"; sourceTree = "<group>"; fileEncoding = undefined; lastKnownFileType = unknown; explicitFileType = undefined; includeInIndex = 0; };
		DF3D7E51974342848ACB2961 /* Quicksand-VariableFont_wght.ttf */ = {isa = PBXFileReference; name = "Quicksand-VariableFont_wght.ttf"; path = "../assets/fonts/Quicksand/Quicksand-VariableFont_wght.ttf"; sourceTree = "<group>"; fileEncoding = undefined; lastKnownFileType = unknown; explicitFileType = undefined; includeInIndex = 0; };
		E85B8EEEC206446BBC77282E /* Quicksand-Bold.ttf */ = {isa = PBXFileReference; name = "Quicksand-Bold.ttf"; path = "../assets/fonts/Quicksand/static/Quicksand-Bold.ttf"; sourceTree = "<group>"; fileEncoding = undefined; lastKnownFileType = unknown; explicitFileType = undefined; includeInIndex = 0; };
		763CFF0519DC4D5AAD6E9B15 /* Quicksand-Light.ttf */ = {isa = PBXFileReference; name = "Quicksand-Light.ttf"; path = "../assets/fonts/Quicksand/static/Quicksand-Light.ttf"; sourceTree = "<group>"; fileEncoding = undefined; lastKnownFileType = unknown; explicitFileType = undefined; includeInIndex = 0; };
		F7397014652D40BAAE88279E /* Quicksand-Medium.ttf */ = {isa = PBXFileReference; name = "Quicksand-Medium.ttf"; path = "../assets/fonts/Quicksand/static/Quicksand-Medium.ttf"; sourceTree = "<group>"; fileEncoding = undefined; lastKnownFileType = unknown; explicitFileType = undefined; includeInIndex = 0; };
		ECA183EE90A749D4BC8C893F /* Quicksand-Regular.ttf */ = {isa = PBXFileReference; name = "Quicksand-Regular.ttf"; path = "../assets/fonts/Quicksand/static/Quicksand-Regular.ttf"; sourceTree = "<group>"; fileEncoding = undefined; lastKnownFileType = unknown; explicitFileType = undefined; includeInIndex = 0; };
		4EA5BF99ADF243A58CC3B96B /* Quicksand-SemiBold.ttf */ = {isa = PBXFileReference; name = "Quicksand-SemiBold.ttf"; path = "../assets/fonts/Quicksand/static/Quicksand-SemiBold.ttf"; sourceTree = "<group>"; fileEncoding = undefined; lastKnownFileType = unknown; explicitFileType = undefined; includeInIndex = 0; };
		EB4DB3E546D34AEC9C2BACFD /* SourceSansPro-Black.ttf */ = {isa = PBXFileReference; name = "SourceSansPro-Black.ttf"; path = "../assets/fonts/Source_Sans_Pro/SourceSansPro-Black.ttf"; sourceTree = "<group>"; fileEncoding = undefined; lastKnownFileType = unknown; explicitFileType = undefined; includeInIndex = 0; };
		E5C6AE317936463FA44D435E /* SourceSansPro-BlackItalic.ttf */ = {isa = PBXFileReference; name = "SourceSansPro-BlackItalic.ttf"; path = "../assets/fonts/Source_Sans_Pro/SourceSansPro-BlackItalic.ttf"; sourceTree = "<group>"; fileEncoding = undefined; lastKnownFileType = unknown; explicitFileType = undefined; includeInIndex = 0; };
		5B21E7368EDE484592351891 /* SourceSansPro-Bold.ttf */ = {isa = PBXFileReference; name = "SourceSansPro-Bold.ttf"; path = "../assets/fonts/Source_Sans_Pro/SourceSansPro-Bold.ttf"; sourceTree = "<group>"; fileEncoding = undefined; lastKnownFileType = unknown; explicitFileType = undefined; includeInIndex = 0; };
		25CC0FFA940A4EA1864A37FA /* SourceSansPro-BoldItalic.ttf */ = {isa = PBXFileReference; name = "SourceSansPro-BoldItalic.ttf"; path = "../assets/fonts/Source_Sans_Pro/SourceSansPro-BoldItalic.ttf"; sourceTree = "<group>"; fileEncoding = undefined; lastKnownFileType = unknown; explicitFileType = undefined; includeInIndex = 0; };
		11D29D03D0E643B0835B6530 /* SourceSansPro-ExtraLight.ttf */ = {isa = PBXFileReference; name = "SourceSansPro-ExtraLight.ttf"; path = "../assets/fonts/Source_Sans_Pro/SourceSansPro-ExtraLight.ttf"; sourceTree = "<group>"; fileEncoding = undefined; lastKnownFileType = unknown; explicitFileType = undefined; includeInIndex = 0; };
		6B7785C874EF472E95DE9312 /* SourceSansPro-ExtraLightItalic.ttf */ = {isa = PBXFileReference; name = "SourceSansPro-ExtraLightItalic.ttf"; path = "../assets/fonts/Source_Sans_Pro/SourceSansPro-ExtraLightItalic.ttf"; sourceTree = "<group>"; fileEncoding = undefined; lastKnownFileType = unknown; explicitFileType = undefined; includeInIndex = 0; };
		C4F5077634694B5994583F70 /* SourceSansPro-Italic.ttf */ = {isa = PBXFileReference; name = "SourceSansPro-Italic.ttf"; path = "../assets/fonts/Source_Sans_Pro/SourceSansPro-Italic.ttf"; sourceTree = "<group>"; fileEncoding = undefined; lastKnownFileType = unknown; explicitFileType = undefined; includeInIndex = 0; };
		F08D5FE337014D8890BFCA2E /* SourceSansPro-Light.ttf */ = {isa = PBXFileReference; name = "SourceSansPro-Light.ttf"; path = "../assets/fonts/Source_Sans_Pro/SourceSansPro-Light.ttf"; sourceTree = "<group>"; fileEncoding = undefined; lastKnownFileType = unknown; explicitFileType = undefined; includeInIndex = 0; };
		D43CC276648E43C4AFAD906A /* SourceSansPro-LightItalic.ttf */ = {isa = PBXFileReference; name = "SourceSansPro-LightItalic.ttf"; path = "../assets/fonts/Source_Sans_Pro/SourceSansPro-LightItalic.ttf"; sourceTree = "<group>"; fileEncoding = undefined; lastKnownFileType = unknown; explicitFileType = undefined; includeInIndex = 0; };
		F98625C6F40B4015B5D02D8F /* SourceSansPro-Regular.ttf */ = {isa = PBXFileReference; name = "SourceSansPro-Regular.ttf"; path = "../assets/fonts/Source_Sans_Pro/SourceSansPro-Regular.ttf"; sourceTree = "<group>"; fileEncoding = undefined; lastKnownFileType = unknown; explicitFileType = undefined; includeInIndex = 0; };
		BB34DE998458419C97880618 /* SourceSansPro-SemiBold.ttf */ = {isa = PBXFileReference; name = "SourceSansPro-SemiBold.ttf"; path = "../assets/fonts/Source_Sans_Pro/SourceSansPro-SemiBold.ttf"; sourceTree = "<group>"; fileEncoding = undefined; lastKnownFileType = unknown; explicitFileType = undefined; includeInIndex = 0; };
		3B615ECB09724A37B0490265 /* SourceSansPro-SemiBoldItalic.ttf */ = {isa = PBXFileReference; name = "SourceSansPro-SemiBoldItalic.ttf"; path = "../assets/fonts/Source_Sans_Pro/SourceSansPro-SemiBoldItalic.ttf"; sourceTree = "<group>"; fileEncoding = undefined; lastKnownFileType = unknown; explicitFileType = undefined; includeInIndex = 0; };
		E27ADF8D1E4140949C7C2195 /* Ubuntu-Bold.ttf */ = {isa = PBXFileReference; name = "Ubuntu-Bold.ttf"; path = "../assets/fonts/Ubuntu/Ubuntu-Bold.ttf"; sourceTree = "<group>"; fileEncoding = undefined; lastKnownFileType = unknown; explicitFileType = undefined; includeInIndex = 0; };
		BD78F8A068DA46ECA6487BCC /* Ubuntu-BoldItalic.ttf */ = {isa = PBXFileReference; name = "Ubuntu-BoldItalic.ttf"; path = "../assets/fonts/Ubuntu/Ubuntu-BoldItalic.ttf"; sourceTree = "<group>"; fileEncoding = undefined; lastKnownFileType = unknown; explicitFileType = undefined; includeInIndex = 0; };
		B37EFD1D213B4AFF81D75B3A /* Ubuntu-Italic.ttf */ = {isa = PBXFileReference; name = "Ubuntu-Italic.ttf"; path = "../assets/fonts/Ubuntu/Ubuntu-Italic.ttf"; sourceTree = "<group>"; fileEncoding = undefined; lastKnownFileType = unknown; explicitFileType = undefined; includeInIndex = 0; };
		E5035C056FA844B1B499C0DD /* Ubuntu-Light.ttf */ = {isa = PBXFileReference; name = "Ubuntu-Light.ttf"; path = "../assets/fonts/Ubuntu/Ubuntu-Light.ttf"; sourceTree = "<group>"; fileEncoding = undefined; lastKnownFileType = unknown; explicitFileType = undefined; includeInIndex = 0; };
		FE45DB7B3A954BE4AED0EC00 /* Ubuntu-LightItalic.ttf */ = {isa = PBXFileReference; name = "Ubuntu-LightItalic.ttf"; path = "../assets/fonts/Ubuntu/Ubuntu-LightItalic.ttf"; sourceTree = "<group>"; fileEncoding = undefined; lastKnownFileType = unknown; explicitFileType = undefined; includeInIndex = 0; };
		3484107273CD485B8756C0A3 /* Ubuntu-Medium.ttf */ = {isa = PBXFileReference; name = "Ubuntu-Medium.ttf"; path = "../assets/fonts/Ubuntu/Ubuntu-Medium.ttf"; sourceTree = "<group>"; fileEncoding = undefined; lastKnownFileType = unknown; explicitFileType = undefined; includeInIndex = 0; };
		5E281A21FCBD449B8BE3509B /* Ubuntu-MediumItalic.ttf */ = {isa = PBXFileReference; name = "Ubuntu-MediumItalic.ttf"; path = "../assets/fonts/Ubuntu/Ubuntu-MediumItalic.ttf"; sourceTree = "<group>"; fileEncoding = undefined; lastKnownFileType = unknown; explicitFileType = undefined; includeInIndex = 0; };
		773037FBE39142EF8FD343C1 /* Ubuntu-Regular.ttf */ = {isa = PBXFileReference; name = "Ubuntu-Regular.ttf"; path = "../assets/fonts/Ubuntu/Ubuntu-Regular.ttf"; sourceTree = "<group>"; fileEncoding = undefined; lastKnownFileType = unknown; explicitFileType = undefined; includeInIndex = 0; };
		1D183514588D4A36AFB6DC36 /* OFL.txt */ = {isa = PBXFileReference; name = "OFL.txt"; path = "../assets/fonts/Abril_Fatface/OFL.txt"; sourceTree = "<group>"; fileEncoding = undefined; lastKnownFileType = unknown; explicitFileType = undefined; includeInIndex = 0; };
		6B6B84C0C3574E1CAA29AD54 /* OFL.txt */ = {isa = PBXFileReference; name = "OFL.txt"; path = "../assets/fonts/Lora/OFL.txt"; sourceTree = "<group>"; fileEncoding = undefined; lastKnownFileType = unknown; explicitFileType = undefined; includeInIndex = 0; };
		DAC632F6F94743A7A402DE3E /* README.txt */ = {isa = PBXFileReference; name = "README.txt"; path = "../assets/fonts/Lora/README.txt"; sourceTree = "<group>"; fileEncoding = undefined; lastKnownFileType = unknown; explicitFileType = undefined; includeInIndex = 0; };
		08700AEBB6114CD3AE6F5835 /* OFL.txt */ = {isa = PBXFileReference; name = "OFL.txt"; path = "../assets/fonts/Quicksand/OFL.txt"; sourceTree = "<group>"; fileEncoding = undefined; lastKnownFileType = unknown; explicitFileType = undefined; includeInIndex = 0; };
		BBC3E5960F294E4A91B8DBAD /* README.txt */ = {isa = PBXFileReference; name = "README.txt"; path = "../assets/fonts/Quicksand/README.txt"; sourceTree = "<group>"; fileEncoding = undefined; lastKnownFileType = unknown; explicitFileType = undefined; includeInIndex = 0; };
		4F8E3A404B5C4DFF8F1C0305 /* OFL.txt */ = {isa = PBXFileReference; name = "OFL.txt"; path = "../assets/fonts/Source_Sans_Pro/OFL.txt"; sourceTree = "<group>"; fileEncoding = undefined; lastKnownFileType = unknown; explicitFileType = undefined; includeInIndex = 0; };
		5C3B0517821D492CAA8B8D7A /* UFL.txt */ = {isa = PBXFileReference; name = "UFL.txt"; path = "../assets/fonts/Ubuntu/UFL.txt"; sourceTree = "<group>"; fileEncoding = undefined; lastKnownFileType = unknown; explicitFileType = undefined; includeInIndex = 0; };
/* End PBXFileReference section */

/* Begin PBXFrameworksBuildPhase section */
		00E356EB1AD99517003FC87E /* Frameworks */ = {
			isa = PBXFrameworksBuildPhase;
			buildActionMask = 2147483647;
			files = (
				7699B88040F8A987B510C191 /* libPods-pokedex-pokedexTests.a in Frameworks */,
			);
			runOnlyForDeploymentPostprocessing = 0;
		};
		13B07F8C1A680F5B00A75B9A /* Frameworks */ = {
			isa = PBXFrameworksBuildPhase;
			buildActionMask = 2147483647;
			files = (
				0C80B921A6F3F58F76C31292 /* libPods-pokedex.a in Frameworks */,
			);
			runOnlyForDeploymentPostprocessing = 0;
		};
/* End PBXFrameworksBuildPhase section */

/* Begin PBXGroup section */
		00E356EF1AD99517003FC87E /* pokedexTests */ = {
			isa = PBXGroup;
			children = (
				00E356F21AD99517003FC87E /* pokedexTests.m */,
				00E356F01AD99517003FC87E /* Supporting Files */,
			);
			path = pokedexTests;
			sourceTree = "<group>";
		};
		00E356F01AD99517003FC87E /* Supporting Files */ = {
			isa = PBXGroup;
			children = (
				00E356F11AD99517003FC87E /* Info.plist */,
			);
			name = "Supporting Files";
			sourceTree = "<group>";
		};
		13B07FAE1A68108700A75B9A /* pokedex */ = {
			isa = PBXGroup;
			children = (
				13B07FAF1A68108700A75B9A /* AppDelegate.h */,
				13B07FB01A68108700A75B9A /* AppDelegate.mm */,
				13B07FB51A68108700A75B9A /* Images.xcassets */,
				13B07FB61A68108700A75B9A /* Info.plist */,
				81AB9BB72411601600AC10FF /* LaunchScreen.storyboard */,
				13B07FB71A68108700A75B9A /* main.m */,
			);
			name = pokedex;
			sourceTree = "<group>";
		};
		2D16E6871FA4F8E400B85C8A /* Frameworks */ = {
			isa = PBXGroup;
			children = (
				ED297162215061F000B7C4FE /* JavaScriptCore.framework */,
				5DCACB8F33CDC322A6C60F78 /* libPods-pokedex.a */,
				19F6CBCC0A4E27FBF8BF4A61 /* libPods-pokedex-pokedexTests.a */,
			);
			name = Frameworks;
			sourceTree = "<group>";
		};
		832341AE1AAA6A7D00B99B32 /* Libraries */ = {
			isa = PBXGroup;
			children = (
			);
			name = Libraries;
			sourceTree = "<group>";
		};
		83CBB9F61A601CBA00E9B192 = {
			isa = PBXGroup;
			children = (
				F68011892968680F008D1AC0 /* Fonts */,
				13B07FAE1A68108700A75B9A /* pokedex */,
				832341AE1AAA6A7D00B99B32 /* Libraries */,
				00E356EF1AD99517003FC87E /* pokedexTests */,
				83CBBA001A601CBA00E9B192 /* Products */,
				2D16E6871FA4F8E400B85C8A /* Frameworks */,
				BBD78D7AC51CEA395F1C20DB /* Pods */,
				4CE2BB70A525494DABAB2AF5 /* Resources */,
			);
			indentWidth = 2;
			sourceTree = "<group>";
			tabWidth = 2;
			usesTabs = 0;
		};
		83CBBA001A601CBA00E9B192 /* Products */ = {
			isa = PBXGroup;
			children = (
				13B07F961A680F5B00A75B9A /* pokedex.app */,
				00E356EE1AD99517003FC87E /* pokedexTests.xctest */,
			);
			name = Products;
			sourceTree = "<group>";
		};
		BBD78D7AC51CEA395F1C20DB /* Pods */ = {
			isa = PBXGroup;
			children = (
				3B4392A12AC88292D35C810B /* Pods-pokedex.debug.xcconfig */,
				5709B34CF0A7D63546082F79 /* Pods-pokedex.release.xcconfig */,
				5B7EB9410499542E8C5724F5 /* Pods-pokedex-pokedexTests.debug.xcconfig */,
				89C6BE57DB24E9ADA2F236DE /* Pods-pokedex-pokedexTests.release.xcconfig */,
			);
			path = Pods;
			sourceTree = "<group>";
		};
		F68011892968680F008D1AC0 /* Fonts */ = {
			isa = PBXGroup;
			children = (
				F680118A29686828008D1AC0 /* MaterialCommunityIcons.ttf */,
			);
			path = Fonts;
			sourceTree = "<group>";
		};
		4CE2BB70A525494DABAB2AF5 /* Resources */ = {
			isa = "PBXGroup";
			children = (
				A6171C78D0534138967DD46B /* AbrilFatface-Regular.ttf */,
				617AC6F4C91A49FDA38B9D92 /* Lora-Italic-VariableFont_wght.ttf */,
				F3DEC49EE61F4E7E803B36C3 /* Lora-VariableFont_wght.ttf */,
				0CC2800B2EDB47219551D505 /* Lora-Bold.ttf */,
				136B021B756B419A9B3CEA39 /* Lora-BoldItalic.ttf */,
				B151BD95E465469A998A6255 /* Lora-Italic.ttf */,
				7FA853451A5B450A937E32A6 /* Lora-Medium.ttf */,
				B186D42CD28843E286446C80 /* Lora-MediumItalic.ttf */,
				CA5BE159DEA04A96968F1F07 /* Lora-Regular.ttf */,
				80CB957627D04CB089A0F46D /* Lora-SemiBold.ttf */,
				4D3902184A724A7E9EB86AA1 /* Lora-SemiBoldItalic.ttf */,
				DF3D7E51974342848ACB2961 /* Quicksand-VariableFont_wght.ttf */,
				E85B8EEEC206446BBC77282E /* Quicksand-Bold.ttf */,
				763CFF0519DC4D5AAD6E9B15 /* Quicksand-Light.ttf */,
				F7397014652D40BAAE88279E /* Quicksand-Medium.ttf */,
				ECA183EE90A749D4BC8C893F /* Quicksand-Regular.ttf */,
				4EA5BF99ADF243A58CC3B96B /* Quicksand-SemiBold.ttf */,
				EB4DB3E546D34AEC9C2BACFD /* SourceSansPro-Black.ttf */,
				E5C6AE317936463FA44D435E /* SourceSansPro-BlackItalic.ttf */,
				5B21E7368EDE484592351891 /* SourceSansPro-Bold.ttf */,
				25CC0FFA940A4EA1864A37FA /* SourceSansPro-BoldItalic.ttf */,
				11D29D03D0E643B0835B6530 /* SourceSansPro-ExtraLight.ttf */,
				6B7785C874EF472E95DE9312 /* SourceSansPro-ExtraLightItalic.ttf */,
				C4F5077634694B5994583F70 /* SourceSansPro-Italic.ttf */,
				F08D5FE337014D8890BFCA2E /* SourceSansPro-Light.ttf */,
				D43CC276648E43C4AFAD906A /* SourceSansPro-LightItalic.ttf */,
				F98625C6F40B4015B5D02D8F /* SourceSansPro-Regular.ttf */,
				BB34DE998458419C97880618 /* SourceSansPro-SemiBold.ttf */,
				3B615ECB09724A37B0490265 /* SourceSansPro-SemiBoldItalic.ttf */,
				E27ADF8D1E4140949C7C2195 /* Ubuntu-Bold.ttf */,
				BD78F8A068DA46ECA6487BCC /* Ubuntu-BoldItalic.ttf */,
				B37EFD1D213B4AFF81D75B3A /* Ubuntu-Italic.ttf */,
				E5035C056FA844B1B499C0DD /* Ubuntu-Light.ttf */,
				FE45DB7B3A954BE4AED0EC00 /* Ubuntu-LightItalic.ttf */,
				3484107273CD485B8756C0A3 /* Ubuntu-Medium.ttf */,
				5E281A21FCBD449B8BE3509B /* Ubuntu-MediumItalic.ttf */,
				773037FBE39142EF8FD343C1 /* Ubuntu-Regular.ttf */,
				1D183514588D4A36AFB6DC36 /* OFL.txt */,
				6B6B84C0C3574E1CAA29AD54 /* OFL.txt */,
				DAC632F6F94743A7A402DE3E /* README.txt */,
				08700AEBB6114CD3AE6F5835 /* OFL.txt */,
				BBC3E5960F294E4A91B8DBAD /* README.txt */,
				4F8E3A404B5C4DFF8F1C0305 /* OFL.txt */,
				5C3B0517821D492CAA8B8D7A /* UFL.txt */,
			);
			name = Resources;
			sourceTree = "<group>";
			path = "";
		};
/* End PBXGroup section */

/* Begin PBXNativeTarget section */
		00E356ED1AD99517003FC87E /* pokedexTests */ = {
			isa = PBXNativeTarget;
			buildConfigurationList = 00E357021AD99517003FC87E /* Build configuration list for PBXNativeTarget "pokedexTests" */;
			buildPhases = (
				A55EABD7B0C7F3A422A6CC61 /* [CP] Check Pods Manifest.lock */,
				00E356EA1AD99517003FC87E /* Sources */,
				00E356EB1AD99517003FC87E /* Frameworks */,
				00E356EC1AD99517003FC87E /* Resources */,
				C59DA0FBD6956966B86A3779 /* [CP] Embed Pods Frameworks */,
				F6A41C54EA430FDDC6A6ED99 /* [CP] Copy Pods Resources */,
			);
			buildRules = (
			);
			dependencies = (
				00E356F51AD99517003FC87E /* PBXTargetDependency */,
			);
			name = pokedexTests;
			productName = pokedexTests;
			productReference = 00E356EE1AD99517003FC87E /* pokedexTests.xctest */;
			productType = "com.apple.product-type.bundle.unit-test";
		};
		13B07F861A680F5B00A75B9A /* pokedex */ = {
			isa = PBXNativeTarget;
			buildConfigurationList = 13B07F931A680F5B00A75B9A /* Build configuration list for PBXNativeTarget "pokedex" */;
			buildPhases = (
				C38B50BA6285516D6DCD4F65 /* [CP] Check Pods Manifest.lock */,
				FD10A7F022414F080027D42C /* Start Packager */,
				13B07F871A680F5B00A75B9A /* Sources */,
				13B07F8C1A680F5B00A75B9A /* Frameworks */,
				13B07F8E1A680F5B00A75B9A /* Resources */,
				00DD1BFF1BD5951E006B06BC /* Bundle React Native code and images */,
				00EEFC60759A1932668264C0 /* [CP] Embed Pods Frameworks */,
				E235C05ADACE081382539298 /* [CP] Copy Pods Resources */,
			);
			buildRules = (
			);
			dependencies = (
			);
			name = pokedex;
			productName = pokedex;
			productReference = 13B07F961A680F5B00A75B9A /* pokedex.app */;
			productType = "com.apple.product-type.application";
		};
/* End PBXNativeTarget section */

/* Begin PBXProject section */
		83CBB9F71A601CBA00E9B192 /* Project object */ = {
			isa = PBXProject;
			attributes = {
				LastUpgradeCheck = 1210;
				TargetAttributes = {
					00E356ED1AD99517003FC87E = {
						CreatedOnToolsVersion = 6.2;
						TestTargetID = 13B07F861A680F5B00A75B9A;
					};
					13B07F861A680F5B00A75B9A = {
						LastSwiftMigration = 1120;
					};
				};
			};
			buildConfigurationList = 83CBB9FA1A601CBA00E9B192 /* Build configuration list for PBXProject "pokedex" */;
			compatibilityVersion = "Xcode 12.0";
			developmentRegion = en;
			hasScannedForEncodings = 0;
			knownRegions = (
				en,
				Base,
			);
			mainGroup = 83CBB9F61A601CBA00E9B192;
			productRefGroup = 83CBBA001A601CBA00E9B192 /* Products */;
			projectDirPath = "";
			projectRoot = "";
			targets = (
				13B07F861A680F5B00A75B9A /* pokedex */,
				00E356ED1AD99517003FC87E /* pokedexTests */,
			);
		};
/* End PBXProject section */

/* Begin PBXResourcesBuildPhase section */
		00E356EC1AD99517003FC87E /* Resources */ = {
			isa = PBXResourcesBuildPhase;
			buildActionMask = 2147483647;
			files = (
			);
			runOnlyForDeploymentPostprocessing = 0;
		};
		13B07F8E1A680F5B00A75B9A /* Resources */ = {
			isa = PBXResourcesBuildPhase;
			buildActionMask = 2147483647;
			files = (
				81AB9BB82411601600AC10FF /* LaunchScreen.storyboard in Resources */,
				F680118B29686828008D1AC0 /* MaterialCommunityIcons.ttf in Resources */,
				13B07FBF1A68108700A75B9A /* Images.xcassets in Resources */,
				AA1833C6EE7C45248D28871A /* AbrilFatface-Regular.ttf in Resources */,
				8B8C9AEEB8E94C7B9864BA4F /* Lora-Italic-VariableFont_wght.ttf in Resources */,
				6675CF34A7FC4B39A00FC94D /* Lora-VariableFont_wght.ttf in Resources */,
				49D1E64A71554191A1793F66 /* Lora-Bold.ttf in Resources */,
				6037DB1112974BC7B89DE65A /* Lora-BoldItalic.ttf in Resources */,
				EDAD4EC8B49F40CE8AB56D18 /* Lora-Italic.ttf in Resources */,
				F719EF6B796B4083A147F02E /* Lora-Medium.ttf in Resources */,
				F6DFAA18F8294A0CA975C671 /* Lora-MediumItalic.ttf in Resources */,
				96BED40BF5404CE08C406C4E /* Lora-Regular.ttf in Resources */,
				BA41766B6C0A4A0598621F2E /* Lora-SemiBold.ttf in Resources */,
				49D57B2B65D3401DA0B33EAD /* Lora-SemiBoldItalic.ttf in Resources */,
				C001AA7EFF344A69A53BFBD9 /* Quicksand-VariableFont_wght.ttf in Resources */,
				6DD682EEA6E74E44B04FDAE2 /* Quicksand-Bold.ttf in Resources */,
				7C45284E07714F64ADBCD51F /* Quicksand-Light.ttf in Resources */,
				29F65A9C196F4C06AF4DC7D4 /* Quicksand-Medium.ttf in Resources */,
				A4DB270B0E374BFC931BE03E /* Quicksand-Regular.ttf in Resources */,
				26271A9DA6B844C5BF079298 /* Quicksand-SemiBold.ttf in Resources */,
				99298502B71940869C30C3DF /* SourceSansPro-Black.ttf in Resources */,
				6CD1A61CD3D14335AE255C17 /* SourceSansPro-BlackItalic.ttf in Resources */,
				A132A2185FFE47DF8442CC75 /* SourceSansPro-Bold.ttf in Resources */,
				8D45F4D92828450281C6BD12 /* SourceSansPro-BoldItalic.ttf in Resources */,
				FE96201DF37941F08960B53D /* SourceSansPro-ExtraLight.ttf in Resources */,
				722C825165FC4AE9847C6223 /* SourceSansPro-ExtraLightItalic.ttf in Resources */,
				7430AB38755D4B6EB3E9081A /* SourceSansPro-Italic.ttf in Resources */,
				0981BDE20ADE4D6D97CB09C2 /* SourceSansPro-Light.ttf in Resources */,
				C19050A6C7084757B302D780 /* SourceSansPro-LightItalic.ttf in Resources */,
				B137227BB2DC436484B6DD46 /* SourceSansPro-Regular.ttf in Resources */,
				EB168B3D11AD4C0B8B52FE87 /* SourceSansPro-SemiBold.ttf in Resources */,
				229E72A624934A04B918B48C /* SourceSansPro-SemiBoldItalic.ttf in Resources */,
				7434C24295DD4E9DB0467E90 /* Ubuntu-Bold.ttf in Resources */,
				606D4202CB43442290E4B3F7 /* Ubuntu-BoldItalic.ttf in Resources */,
				C8C341195F84419BA6371057 /* Ubuntu-Italic.ttf in Resources */,
				89511DC5428045F4B4471691 /* Ubuntu-Light.ttf in Resources */,
				8001CF494CB747ED94D77F9D /* Ubuntu-LightItalic.ttf in Resources */,
				2EBEF20EF19A4972A6F1E0AE /* Ubuntu-Medium.ttf in Resources */,
				1CD95F8D6C6F4964A8171002 /* Ubuntu-MediumItalic.ttf in Resources */,
				F6BCB97D6A3948E89E13304D /* Ubuntu-Regular.ttf in Resources */,
				11AE303D29284CEC9A1F3036 /* OFL.txt in Resources */,
				DBBFB66F8177457BB693AAF3 /* OFL.txt in Resources */,
				F0EE037748A94FEFA296A7FA /* README.txt in Resources */,
				6F02F023739840DFAE299395 /* OFL.txt in Resources */,
				9DF588D3B3484E1C8DC5946E /* README.txt in Resources */,
				8ECDAF3B5C0A4C7BB2E009EA /* OFL.txt in Resources */,
				0EBC3F3FEC3A4AE59A30D143 /* UFL.txt in Resources */,
			);
			runOnlyForDeploymentPostprocessing = 0;
		};
/* End PBXResourcesBuildPhase section */

/* Begin PBXShellScriptBuildPhase section */
		00DD1BFF1BD5951E006B06BC /* Bundle React Native code and images */ = {
			isa = PBXShellScriptBuildPhase;
			buildActionMask = 2147483647;
			files = (
			);
			inputPaths = (
				"$(SRCROOT)/.xcode.env.local",
				"$(SRCROOT)/.xcode.env",
			);
			name = "Bundle React Native code and images";
			outputPaths = (
			);
			runOnlyForDeploymentPostprocessing = 0;
			shellPath = /bin/sh;
			shellScript = "set -e\n\nWITH_ENVIRONMENT=\"../node_modules/react-native/scripts/xcode/with-environment.sh\"\nREACT_NATIVE_XCODE=\"../node_modules/react-native/scripts/react-native-xcode.sh\"\n\n/bin/sh -c \"$WITH_ENVIRONMENT $REACT_NATIVE_XCODE\"\n";
		};
		00EEFC60759A1932668264C0 /* [CP] Embed Pods Frameworks */ = {
			isa = PBXShellScriptBuildPhase;
			buildActionMask = 2147483647;
			files = (
			);
			inputFileListPaths = (
				"${PODS_ROOT}/Target Support Files/Pods-pokedex/Pods-pokedex-frameworks-${CONFIGURATION}-input-files.xcfilelist",
			);
			name = "[CP] Embed Pods Frameworks";
			outputFileListPaths = (
				"${PODS_ROOT}/Target Support Files/Pods-pokedex/Pods-pokedex-frameworks-${CONFIGURATION}-output-files.xcfilelist",
			);
			runOnlyForDeploymentPostprocessing = 0;
			shellPath = /bin/sh;
			shellScript = "\"${PODS_ROOT}/Target Support Files/Pods-pokedex/Pods-pokedex-frameworks.sh\"\n";
			showEnvVarsInLog = 0;
		};
		A55EABD7B0C7F3A422A6CC61 /* [CP] Check Pods Manifest.lock */ = {
			isa = PBXShellScriptBuildPhase;
			buildActionMask = 2147483647;
			files = (
			);
			inputFileListPaths = (
			);
			inputPaths = (
				"${PODS_PODFILE_DIR_PATH}/Podfile.lock",
				"${PODS_ROOT}/Manifest.lock",
			);
			name = "[CP] Check Pods Manifest.lock";
			outputFileListPaths = (
			);
			outputPaths = (
				"$(DERIVED_FILE_DIR)/Pods-pokedex-pokedexTests-checkManifestLockResult.txt",
			);
			runOnlyForDeploymentPostprocessing = 0;
			shellPath = /bin/sh;
			shellScript = "diff \"${PODS_PODFILE_DIR_PATH}/Podfile.lock\" \"${PODS_ROOT}/Manifest.lock\" > /dev/null\nif [ $? != 0 ] ; then\n    # print error to STDERR\n    echo \"error: The sandbox is not in sync with the Podfile.lock. Run 'pod install' or update your CocoaPods installation.\" >&2\n    exit 1\nfi\n# This output is used by Xcode 'outputs' to avoid re-running this script phase.\necho \"SUCCESS\" > \"${SCRIPT_OUTPUT_FILE_0}\"\n";
			showEnvVarsInLog = 0;
		};
		C38B50BA6285516D6DCD4F65 /* [CP] Check Pods Manifest.lock */ = {
			isa = PBXShellScriptBuildPhase;
			buildActionMask = 2147483647;
			files = (
			);
			inputFileListPaths = (
			);
			inputPaths = (
				"${PODS_PODFILE_DIR_PATH}/Podfile.lock",
				"${PODS_ROOT}/Manifest.lock",
			);
			name = "[CP] Check Pods Manifest.lock";
			outputFileListPaths = (
			);
			outputPaths = (
				"$(DERIVED_FILE_DIR)/Pods-pokedex-checkManifestLockResult.txt",
			);
			runOnlyForDeploymentPostprocessing = 0;
			shellPath = /bin/sh;
			shellScript = "diff \"${PODS_PODFILE_DIR_PATH}/Podfile.lock\" \"${PODS_ROOT}/Manifest.lock\" > /dev/null\nif [ $? != 0 ] ; then\n    # print error to STDERR\n    echo \"error: The sandbox is not in sync with the Podfile.lock. Run 'pod install' or update your CocoaPods installation.\" >&2\n    exit 1\nfi\n# This output is used by Xcode 'outputs' to avoid re-running this script phase.\necho \"SUCCESS\" > \"${SCRIPT_OUTPUT_FILE_0}\"\n";
			showEnvVarsInLog = 0;
		};
		C59DA0FBD6956966B86A3779 /* [CP] Embed Pods Frameworks */ = {
			isa = PBXShellScriptBuildPhase;
			buildActionMask = 2147483647;
			files = (
			);
			inputFileListPaths = (
				"${PODS_ROOT}/Target Support Files/Pods-pokedex-pokedexTests/Pods-pokedex-pokedexTests-frameworks-${CONFIGURATION}-input-files.xcfilelist",
			);
			name = "[CP] Embed Pods Frameworks";
			outputFileListPaths = (
				"${PODS_ROOT}/Target Support Files/Pods-pokedex-pokedexTests/Pods-pokedex-pokedexTests-frameworks-${CONFIGURATION}-output-files.xcfilelist",
			);
			runOnlyForDeploymentPostprocessing = 0;
			shellPath = /bin/sh;
			shellScript = "\"${PODS_ROOT}/Target Support Files/Pods-pokedex-pokedexTests/Pods-pokedex-pokedexTests-frameworks.sh\"\n";
			showEnvVarsInLog = 0;
		};
		E235C05ADACE081382539298 /* [CP] Copy Pods Resources */ = {
			isa = PBXShellScriptBuildPhase;
			buildActionMask = 2147483647;
			files = (
			);
			inputFileListPaths = (
				"${PODS_ROOT}/Target Support Files/Pods-pokedex/Pods-pokedex-resources-${CONFIGURATION}-input-files.xcfilelist",
			);
			name = "[CP] Copy Pods Resources";
			outputFileListPaths = (
				"${PODS_ROOT}/Target Support Files/Pods-pokedex/Pods-pokedex-resources-${CONFIGURATION}-output-files.xcfilelist",
			);
			runOnlyForDeploymentPostprocessing = 0;
			shellPath = /bin/sh;
			shellScript = "\"${PODS_ROOT}/Target Support Files/Pods-pokedex/Pods-pokedex-resources.sh\"\n";
			showEnvVarsInLog = 0;
		};
		F6A41C54EA430FDDC6A6ED99 /* [CP] Copy Pods Resources */ = {
			isa = PBXShellScriptBuildPhase;
			buildActionMask = 2147483647;
			files = (
			);
			inputFileListPaths = (
				"${PODS_ROOT}/Target Support Files/Pods-pokedex-pokedexTests/Pods-pokedex-pokedexTests-resources-${CONFIGURATION}-input-files.xcfilelist",
			);
			name = "[CP] Copy Pods Resources";
			outputFileListPaths = (
				"${PODS_ROOT}/Target Support Files/Pods-pokedex-pokedexTests/Pods-pokedex-pokedexTests-resources-${CONFIGURATION}-output-files.xcfilelist",
			);
			runOnlyForDeploymentPostprocessing = 0;
			shellPath = /bin/sh;
			shellScript = "\"${PODS_ROOT}/Target Support Files/Pods-pokedex-pokedexTests/Pods-pokedex-pokedexTests-resources.sh\"\n";
			showEnvVarsInLog = 0;
		};
		FD10A7F022414F080027D42C /* Start Packager */ = {
			isa = PBXShellScriptBuildPhase;
			buildActionMask = 2147483647;
			files = (
			);
			inputFileListPaths = (
			);
			inputPaths = (
			);
			name = "Start Packager";
			outputFileListPaths = (
			);
			outputPaths = (
			);
			runOnlyForDeploymentPostprocessing = 0;
			shellPath = /bin/sh;
			shellScript = "export RCT_METRO_PORT=\"${RCT_METRO_PORT:=8081}\"\necho \"export RCT_METRO_PORT=${RCT_METRO_PORT}\" > \"${SRCROOT}/../node_modules/react-native/scripts/.packager.env\"\nif [ -z \"${RCT_NO_LAUNCH_PACKAGER+xxx}\" ] ; then\n  if nc -w 5 -z localhost ${RCT_METRO_PORT} ; then\n    if ! curl -s \"http://localhost:${RCT_METRO_PORT}/status\" | grep -q \"packager-status:running\" ; then\n      echo \"Port ${RCT_METRO_PORT} already in use, packager is either not running or not running correctly\"\n      exit 2\n    fi\n  else\n    open \"$SRCROOT/../node_modules/react-native/scripts/launchPackager.command\" || echo \"Can't start packager automatically\"\n  fi\nfi\n";
			showEnvVarsInLog = 0;
		};
/* End PBXShellScriptBuildPhase section */

/* Begin PBXSourcesBuildPhase section */
		00E356EA1AD99517003FC87E /* Sources */ = {
			isa = PBXSourcesBuildPhase;
			buildActionMask = 2147483647;
			files = (
				00E356F31AD99517003FC87E /* pokedexTests.m in Sources */,
			);
			runOnlyForDeploymentPostprocessing = 0;
		};
		13B07F871A680F5B00A75B9A /* Sources */ = {
			isa = PBXSourcesBuildPhase;
			buildActionMask = 2147483647;
			files = (
				13B07FBC1A68108700A75B9A /* AppDelegate.mm in Sources */,
				13B07FC11A68108700A75B9A /* main.m in Sources */,
			);
			runOnlyForDeploymentPostprocessing = 0;
		};
/* End PBXSourcesBuildPhase section */

/* Begin PBXTargetDependency section */
		00E356F51AD99517003FC87E /* PBXTargetDependency */ = {
			isa = PBXTargetDependency;
			target = 13B07F861A680F5B00A75B9A /* pokedex */;
			targetProxy = 00E356F41AD99517003FC87E /* PBXContainerItemProxy */;
		};
/* End PBXTargetDependency section */

/* Begin XCBuildConfiguration section */
		00E356F61AD99517003FC87E /* Debug */ = {
			isa = XCBuildConfiguration;
			baseConfigurationReference = 5B7EB9410499542E8C5724F5 /* Pods-pokedex-pokedexTests.debug.xcconfig */;
			buildSettings = {
				BUNDLE_LOADER = "$(TEST_HOST)";
				GCC_PREPROCESSOR_DEFINITIONS = (
					"DEBUG=1",
					"$(inherited)",
				);
				INFOPLIST_FILE = pokedexTests/Info.plist;
				IPHONEOS_DEPLOYMENT_TARGET = 12.4;
				LD_RUNPATH_SEARCH_PATHS = (
					"$(inherited)",
					"@executable_path/Frameworks",
					"@loader_path/Frameworks",
				);
				OTHER_LDFLAGS = (
					"-ObjC",
					"-lc++",
					"$(inherited)",
				);
				PRODUCT_BUNDLE_IDENTIFIER = "org.reactjs.native.example.$(PRODUCT_NAME:rfc1034identifier)";
				PRODUCT_NAME = "$(TARGET_NAME)";
				TEST_HOST = "$(BUILT_PRODUCTS_DIR)/pokedex.app/pokedex";
			};
			name = Debug;
		};
		00E356F71AD99517003FC87E /* Release */ = {
			isa = XCBuildConfiguration;
			baseConfigurationReference = 89C6BE57DB24E9ADA2F236DE /* Pods-pokedex-pokedexTests.release.xcconfig */;
			buildSettings = {
				BUNDLE_LOADER = "$(TEST_HOST)";
				COPY_PHASE_STRIP = NO;
				INFOPLIST_FILE = pokedexTests/Info.plist;
				IPHONEOS_DEPLOYMENT_TARGET = 12.4;
				LD_RUNPATH_SEARCH_PATHS = (
					"$(inherited)",
					"@executable_path/Frameworks",
					"@loader_path/Frameworks",
				);
				OTHER_LDFLAGS = (
					"-ObjC",
					"-lc++",
					"$(inherited)",
				);
				PRODUCT_BUNDLE_IDENTIFIER = "org.reactjs.native.example.$(PRODUCT_NAME:rfc1034identifier)";
				PRODUCT_NAME = "$(TARGET_NAME)";
				TEST_HOST = "$(BUILT_PRODUCTS_DIR)/pokedex.app/pokedex";
			};
			name = Release;
		};
		13B07F941A680F5B00A75B9A /* Debug */ = {
			isa = XCBuildConfiguration;
			baseConfigurationReference = 3B4392A12AC88292D35C810B /* Pods-pokedex.debug.xcconfig */;
			buildSettings = {
				ASSETCATALOG_COMPILER_APPICON_NAME = AppIcon;
				CLANG_ENABLE_MODULES = YES;
				CURRENT_PROJECT_VERSION = 1;
				ENABLE_BITCODE = NO;
				INFOPLIST_FILE = pokedex/Info.plist;
				LD_RUNPATH_SEARCH_PATHS = (
					"$(inherited)",
					"@executable_path/Frameworks",
				);
				OTHER_LDFLAGS = (
					"$(inherited)",
					"-ObjC",
					"-lc++",
				);
				PRODUCT_BUNDLE_IDENTIFIER = "org.reactjs.native.example.$(PRODUCT_NAME:rfc1034identifier)";
				PRODUCT_NAME = pokedex;
				SWIFT_OPTIMIZATION_LEVEL = "-Onone";
				SWIFT_VERSION = 5.0;
				VERSIONING_SYSTEM = "apple-generic";
			};
			name = Debug;
		};
		13B07F951A680F5B00A75B9A /* Release */ = {
			isa = XCBuildConfiguration;
			baseConfigurationReference = 5709B34CF0A7D63546082F79 /* Pods-pokedex.release.xcconfig */;
			buildSettings = {
				ASSETCATALOG_COMPILER_APPICON_NAME = AppIcon;
				CLANG_ENABLE_MODULES = YES;
				CURRENT_PROJECT_VERSION = 1;
				INFOPLIST_FILE = pokedex/Info.plist;
				LD_RUNPATH_SEARCH_PATHS = (
					"$(inherited)",
					"@executable_path/Frameworks",
				);
				OTHER_LDFLAGS = (
					"$(inherited)",
					"-ObjC",
					"-lc++",
				);
				PRODUCT_BUNDLE_IDENTIFIER = "org.reactjs.native.example.$(PRODUCT_NAME:rfc1034identifier)";
				PRODUCT_NAME = pokedex;
				SWIFT_VERSION = 5.0;
				VERSIONING_SYSTEM = "apple-generic";
			};
			name = Release;
		};
		83CBBA201A601CBA00E9B192 /* Debug */ = {
			isa = XCBuildConfiguration;
			buildSettings = {
				ALWAYS_SEARCH_USER_PATHS = NO;
				CLANG_ANALYZER_LOCALIZABILITY_NONLOCALIZED = YES;
				CLANG_CXX_LANGUAGE_STANDARD = "c++17";
				CLANG_CXX_LIBRARY = "libc++";
				CLANG_ENABLE_MODULES = YES;
				CLANG_ENABLE_OBJC_ARC = YES;
				CLANG_WARN_BLOCK_CAPTURE_AUTORELEASING = YES;
				CLANG_WARN_BOOL_CONVERSION = YES;
				CLANG_WARN_COMMA = YES;
				CLANG_WARN_CONSTANT_CONVERSION = YES;
				CLANG_WARN_DEPRECATED_OBJC_IMPLEMENTATIONS = YES;
				CLANG_WARN_DIRECT_OBJC_ISA_USAGE = YES_ERROR;
				CLANG_WARN_EMPTY_BODY = YES;
				CLANG_WARN_ENUM_CONVERSION = YES;
				CLANG_WARN_INFINITE_RECURSION = YES;
				CLANG_WARN_INT_CONVERSION = YES;
				CLANG_WARN_NON_LITERAL_NULL_CONVERSION = YES;
				CLANG_WARN_OBJC_IMPLICIT_RETAIN_SELF = YES;
				CLANG_WARN_OBJC_LITERAL_CONVERSION = YES;
				CLANG_WARN_OBJC_ROOT_CLASS = YES_ERROR;
				CLANG_WARN_QUOTED_INCLUDE_IN_FRAMEWORK_HEADER = YES;
				CLANG_WARN_RANGE_LOOP_ANALYSIS = YES;
				CLANG_WARN_STRICT_PROTOTYPES = YES;
				CLANG_WARN_SUSPICIOUS_MOVE = YES;
				CLANG_WARN_UNREACHABLE_CODE = YES;
				CLANG_WARN__DUPLICATE_METHOD_MATCH = YES;
				"CODE_SIGN_IDENTITY[sdk=iphoneos*]" = "iPhone Developer";
				COPY_PHASE_STRIP = NO;
				ENABLE_STRICT_OBJC_MSGSEND = YES;
				ENABLE_TESTABILITY = YES;
				"EXCLUDED_ARCHS[sdk=iphonesimulator*]" = i386;
				GCC_C_LANGUAGE_STANDARD = gnu99;
				GCC_DYNAMIC_NO_PIC = NO;
				GCC_NO_COMMON_BLOCKS = YES;
				GCC_OPTIMIZATION_LEVEL = 0;
				GCC_PREPROCESSOR_DEFINITIONS = (
					"DEBUG=1",
					"$(inherited)",
				);
				GCC_SYMBOLS_PRIVATE_EXTERN = NO;
				GCC_WARN_64_TO_32_BIT_CONVERSION = YES;
				GCC_WARN_ABOUT_RETURN_TYPE = YES_ERROR;
				GCC_WARN_UNDECLARED_SELECTOR = YES;
				GCC_WARN_UNINITIALIZED_AUTOS = YES_AGGRESSIVE;
				GCC_WARN_UNUSED_FUNCTION = YES;
				GCC_WARN_UNUSED_VARIABLE = YES;
				IPHONEOS_DEPLOYMENT_TARGET = 12.4;
				LD_RUNPATH_SEARCH_PATHS = (
					/usr/lib/swift,
					"$(inherited)",
				);
				LIBRARY_SEARCH_PATHS = (
					"\"$(SDKROOT)/usr/lib/swift\"",
					"\"$(TOOLCHAIN_DIR)/usr/lib/swift/$(PLATFORM_NAME)\"",
					"\"$(inherited)\"",
				);
				MTL_ENABLE_DEBUG_INFO = YES;
				ONLY_ACTIVE_ARCH = YES;
				OTHER_CPLUSPLUSFLAGS = (
					"$(OTHER_CFLAGS)",
					"-DFOLLY_NO_CONFIG",
					"-DFOLLY_MOBILE=1",
					"-DFOLLY_USE_LIBCPP=1",
				);
				REACT_NATIVE_PATH = "${PODS_ROOT}/../../node_modules/react-native";
				SDKROOT = iphoneos;
			};
			name = Debug;
		};
		83CBBA211A601CBA00E9B192 /* Release */ = {
			isa = XCBuildConfiguration;
			buildSettings = {
				ALWAYS_SEARCH_USER_PATHS = NO;
				CLANG_ANALYZER_LOCALIZABILITY_NONLOCALIZED = YES;
				CLANG_CXX_LANGUAGE_STANDARD = "c++17";
				CLANG_CXX_LIBRARY = "libc++";
				CLANG_ENABLE_MODULES = YES;
				CLANG_ENABLE_OBJC_ARC = YES;
				CLANG_WARN_BLOCK_CAPTURE_AUTORELEASING = YES;
				CLANG_WARN_BOOL_CONVERSION = YES;
				CLANG_WARN_COMMA = YES;
				CLANG_WARN_CONSTANT_CONVERSION = YES;
				CLANG_WARN_DEPRECATED_OBJC_IMPLEMENTATIONS = YES;
				CLANG_WARN_DIRECT_OBJC_ISA_USAGE = YES_ERROR;
				CLANG_WARN_EMPTY_BODY = YES;
				CLANG_WARN_ENUM_CONVERSION = YES;
				CLANG_WARN_INFINITE_RECURSION = YES;
				CLANG_WARN_INT_CONVERSION = YES;
				CLANG_WARN_NON_LITERAL_NULL_CONVERSION = YES;
				CLANG_WARN_OBJC_IMPLICIT_RETAIN_SELF = YES;
				CLANG_WARN_OBJC_LITERAL_CONVERSION = YES;
				CLANG_WARN_OBJC_ROOT_CLASS = YES_ERROR;
				CLANG_WARN_QUOTED_INCLUDE_IN_FRAMEWORK_HEADER = YES;
				CLANG_WARN_RANGE_LOOP_ANALYSIS = YES;
				CLANG_WARN_STRICT_PROTOTYPES = YES;
				CLANG_WARN_SUSPICIOUS_MOVE = YES;
				CLANG_WARN_UNREACHABLE_CODE = YES;
				CLANG_WARN__DUPLICATE_METHOD_MATCH = YES;
				"CODE_SIGN_IDENTITY[sdk=iphoneos*]" = "iPhone Developer";
				COPY_PHASE_STRIP = YES;
				ENABLE_NS_ASSERTIONS = NO;
				ENABLE_STRICT_OBJC_MSGSEND = YES;
				"EXCLUDED_ARCHS[sdk=iphonesimulator*]" = i386;
				GCC_C_LANGUAGE_STANDARD = gnu99;
				GCC_NO_COMMON_BLOCKS = YES;
				GCC_WARN_64_TO_32_BIT_CONVERSION = YES;
				GCC_WARN_ABOUT_RETURN_TYPE = YES_ERROR;
				GCC_WARN_UNDECLARED_SELECTOR = YES;
				GCC_WARN_UNINITIALIZED_AUTOS = YES_AGGRESSIVE;
				GCC_WARN_UNUSED_FUNCTION = YES;
				GCC_WARN_UNUSED_VARIABLE = YES;
				IPHONEOS_DEPLOYMENT_TARGET = 12.4;
				LD_RUNPATH_SEARCH_PATHS = (
					/usr/lib/swift,
					"$(inherited)",
				);
				LIBRARY_SEARCH_PATHS = (
					"\"$(SDKROOT)/usr/lib/swift\"",
					"\"$(TOOLCHAIN_DIR)/usr/lib/swift/$(PLATFORM_NAME)\"",
					"\"$(inherited)\"",
				);
				MTL_ENABLE_DEBUG_INFO = NO;
				OTHER_CPLUSPLUSFLAGS = (
					"$(OTHER_CFLAGS)",
					"-DFOLLY_NO_CONFIG",
					"-DFOLLY_MOBILE=1",
					"-DFOLLY_USE_LIBCPP=1",
				);
				REACT_NATIVE_PATH = "${PODS_ROOT}/../../node_modules/react-native";
				SDKROOT = iphoneos;
				VALIDATE_PRODUCT = YES;
			};
			name = Release;
		};
/* End XCBuildConfiguration section */

/* Begin XCConfigurationList section */
		00E357021AD99517003FC87E /* Build configuration list for PBXNativeTarget "pokedexTests" */ = {
			isa = XCConfigurationList;
			buildConfigurations = (
				00E356F61AD99517003FC87E /* Debug */,
				00E356F71AD99517003FC87E /* Release */,
			);
			defaultConfigurationIsVisible = 0;
			defaultConfigurationName = Release;
		};
		13B07F931A680F5B00A75B9A /* Build configuration list for PBXNativeTarget "pokedex" */ = {
			isa = XCConfigurationList;
			buildConfigurations = (
				13B07F941A680F5B00A75B9A /* Debug */,
				13B07F951A680F5B00A75B9A /* Release */,
			);
			defaultConfigurationIsVisible = 0;
			defaultConfigurationName = Release;
		};
		83CBB9FA1A601CBA00E9B192 /* Build configuration list for PBXProject "pokedex" */ = {
			isa = XCConfigurationList;
			buildConfigurations = (
				83CBBA201A601CBA00E9B192 /* Debug */,
				83CBBA211A601CBA00E9B192 /* Release */,
			);
			defaultConfigurationIsVisible = 0;
			defaultConfigurationName = Release;
		};
/* End XCConfigurationList section */
	};
	rootObject = 83CBB9F71A601CBA00E9B192 /* Project object */;
}
